# This file is automatically @generated by Poetry 1.8.3 and should not be changed by hand.

[[package]]
name = "chardet"
version = "5.2.0"
description = "Universal encoding detector for Python 3"
optional = false
python-versions = ">=3.7"
files = [
    {file = "chardet-5.2.0-py3-none-any.whl", hash = "sha256:e1cf59446890a00105fe7b7912492ea04b6e6f06d4b742b2c788469e34c82970"},
    {file = "chardet-5.2.0.tar.gz", hash = "sha256:1b3b6ff479a8c414bc3fa2c0852995695c4a026dcd6d0633b2dd092ca39c1cf7"},
]

[[package]]
name = "colorama"
version = "0.4.6"
description = "Cross-platform colored terminal text."
optional = false
python-versions = "!=3.0.*,!=3.1.*,!=3.2.*,!=3.3.*,!=3.4.*,!=3.5.*,!=3.6.*,>=2.7"
files = [
    {file = "colorama-0.4.6-py2.py3-none-any.whl", hash = "sha256:4f1d9991f5acc0ca119f9d443620b77f9d6b33703e51011c16baf57afb285fc6"},
    {file = "colorama-0.4.6.tar.gz", hash = "sha256:08695f5cb7ed6e0531a20572697297273c47b8cae5a63ffc6d6ed5c201be6e44"},
]

[[package]]
name = "python-lzf"
version = "0.2.6"
description = "C Extension for liblzf"
optional = false
python-versions = "*"
files = [
    {file = "python_lzf-0.2.6.tar.gz", hash = "sha256:47db5c2cb371bdc45f61cca3e12154ca5a7a7fbb8e1a3af8e5c62d14129da1d0"},
]

[[package]]
name = "python-woc"
version = "0.2.0"
description = "Python interface for World of Code"
optional = false
python-versions = "<4.0,>=3.8"
files = [
    {file = "python_woc-0.2.0-cp310-cp310-manylinux_2_17_x86_64.manylinux2014_x86_64.whl", hash = "sha256:6be5e5c16bcd04c8c7cb35687646517b87343d5866265236b9b4b070e3b9da90"},
    {file = "python_woc-0.2.0-cp311-cp311-manylinux_2_17_x86_64.manylinux2014_x86_64.whl", hash = "sha256:f3026f3fd470b8d6933bf47d74ec395e56e81bf1a2368d32ff93c5d5038755dd"},
    {file = "python_woc-0.2.0-cp38-cp38-manylinux_2_17_x86_64.manylinux2014_x86_64.whl", hash = "sha256:c11dbd307ebb5df83cc87a5559760df340282639fee198308fc3a37462659c6a"},
    {file = "python_woc-0.2.0-cp39-cp39-manylinux_2_17_x86_64.manylinux2014_x86_64.whl", hash = "sha256:56a5142dfddb7867dac2447fccc9fe2d7a52ffd5d07618faf59ae71cac17bbf6"},
    {file = "python_woc-0.2.0.tar.gz", hash = "sha256:36a454a20c033f30ae9df4e7c7fd35d693a116663d688af3f3bacd04e7132cf4"},
]

[package.dependencies]
chardet = ">=5.2.0,<6.0.0"
python-lzf = ">=0.2.4,<0.3.0"
tqdm = ">=4.66.4,<5.0.0"

[[package]]
name = "tqdm"
version = "4.66.4"
description = "Fast, Extensible Progress Meter"
optional = false
python-versions = ">=3.7"
files = [
    {file = "tqdm-4.66.4-py3-none-any.whl", hash = "sha256:b75ca56b413b030bc3f00af51fd2c1a1a5eac6a0c1cca83cbb37a5c52abce644"},
    {file = "tqdm-4.66.4.tar.gz", hash = "sha256:e4d936c9de8727928f3be6079590e97d9abfe8d39a590be678eb5919ffc186bb"},
]

[package.dependencies]
colorama = {version = "*", markers = "platform_system == \"Windows\""}

[package.extras]
dev = ["pytest (>=6)", "pytest-cov", "pytest-timeout", "pytest-xdist"]
notebook = ["ipywidgets (>=6)"]
slack = ["slack-sdk"]
telegram = ["requests"]

[[package]]
name = "types-tqdm"
version = "4.66.0.20240417"
description = "Typing stubs for tqdm"
optional = false
python-versions = ">=3.8"
files = [
    {file = "types-tqdm-4.66.0.20240417.tar.gz", hash = "sha256:16dce9ef522ea8d40e4f5b8d84dd8a1166eefc13ceee7a7e158bf0f1a1421a31"},
    {file = "types_tqdm-4.66.0.20240417-py3-none-any.whl", hash = "sha256:248aef1f9986b7b8c2c12b3cb4399fc17dba0a29e7e3f3f9cd704babb879383d"},
]

[metadata]
lock-version = "2.0"
python-versions = "^3.8.1"
content-hash = "d230405178ebb2bca0334df695d4c6980a634478040e16ddeb6f45f26f78459f"
